
Microsoft Visual Studio Solution File, Format Version 12.00
# Visual Studio Version 17
VisualStudioVersion = 17.0.31903.59
MinimumVisualStudioVersion = 10.0.40219.1
Project("{2150E333-8FDC-42A3-9474-1A3956D46DE8}") = "src", "src", "{827E0CD3-B72D-47B6-A68D-7590B98EB39B}"
EndProject
Project("{FAE04EC0-301F-11D3-BF4B-00C04F79EFBC}") = "CurrencyTracker.Domain", "src\CurrencyTracker.Domain\CurrencyTracker.Domain.csproj", "{553F3195-4AC0-4311-85D7-BEB1ECBAF2C8}"
EndProject
Project("{FAE04EC0-301F-11D3-BF4B-00C04F79EFBC}") = "CurrencyTracker.API", "src\CurrencyTracker.API\CurrencyTracker.API.csproj", "{B1403306-DB75-4A2D-B886-7673729C397C}"
EndProject
Project("{FAE04EC0-301F-11D3-BF4B-00C04F79EFBC}") = "CurrencyTracker.Infrastructure", "src\CurrencyTracker.Infrastructure\CurrencyTracker.Infrastructure.csproj", "{10EEB29F-E738-44E2-BC57-C9846DF0DDC0}"
EndProject
Project("{FAE04EC0-301F-11D3-BF4B-00C04F79EFBC}") = "CurrencyTracker.Application", "src\CurrencyTracker.Application\CurrencyTracker.Application.csproj", "{4CD74E04-A8C4-47F1-B6A9-FB9B38E392A8}"
EndProject
Global
	GlobalSection(SolutionConfigurationPlatforms) = preSolution
		Debug|Any CPU = Debug|Any CPU
		Debug|x64 = Debug|x64
		Debug|x86 = Debug|x86
		Release|Any CPU = Release|Any CPU
		Release|x64 = Release|x64
		Release|x86 = Release|x86
	EndGlobalSection
	GlobalSection(ProjectConfigurationPlatforms) = postSolution
		{553F3195-4AC0-4311-85D7-BEB1ECBAF2C8}.Debug|Any CPU.ActiveCfg = Debug|Any CPU
		{553F3195-4AC0-4311-85D7-BEB1ECBAF2C8}.Debug|Any CPU.Build.0 = Debug|Any CPU
		{553F3195-4AC0-4311-85D7-BEB1ECBAF2C8}.Debug|x64.ActiveCfg = Debug|Any CPU
		{553F3195-4AC0-4311-85D7-BEB1ECBAF2C8}.Debug|x64.Build.0 = Debug|Any CPU
		{553F3195-4AC0-4311-85D7-BEB1ECBAF2C8}.Debug|x86.ActiveCfg = Debug|Any CPU
		{553F3195-4AC0-4311-85D7-BEB1ECBAF2C8}.Debug|x86.Build.0 = Debug|Any CPU
		{553F3195-4AC0-4311-85D7-BEB1ECBAF2C8}.Release|Any CPU.ActiveCfg = Release|Any CPU
		{553F3195-4AC0-4311-85D7-BEB1ECBAF2C8}.Release|Any CPU.Build.0 = Release|Any CPU
		{553F3195-4AC0-4311-85D7-BEB1ECBAF2C8}.Release|x64.ActiveCfg = Release|Any CPU
		{553F3195-4AC0-4311-85D7-BEB1ECBAF2C8}.Release|x64.Build.0 = Release|Any CPU
		{553F3195-4AC0-4311-85D7-BEB1ECBAF2C8}.Release|x86.ActiveCfg = Release|Any CPU
		{553F3195-4AC0-4311-85D7-BEB1ECBAF2C8}.Release|x86.Build.0 = Release|Any CPU
		{B1403306-DB75-4A2D-B886-7673729C397C}.Debug|Any CPU.ActiveCfg = Debug|Any CPU
		{B1403306-DB75-4A2D-B886-7673729C397C}.Debug|Any CPU.Build.0 = Debug|Any CPU
		{B1403306-DB75-4A2D-B886-7673729C397C}.Debug|x64.ActiveCfg = Debug|Any CPU
		{B1403306-DB75-4A2D-B886-7673729C397C}.Debug|x64.Build.0 = Debug|Any CPU
		{B1403306-DB75-4A2D-B886-7673729C397C}.Debug|x86.ActiveCfg = Debug|Any CPU
		{B1403306-DB75-4A2D-B886-7673729C397C}.Debug|x86.Build.0 = Debug|Any CPU
		{B1403306-DB75-4A2D-B886-7673729C397C}.Release|Any CPU.ActiveCfg = Release|Any CPU
		{B1403306-DB75-4A2D-B886-7673729C397C}.Release|Any CPU.Build.0 = Release|Any CPU
		{B1403306-DB75-4A2D-B886-7673729C397C}.Release|x64.ActiveCfg = Release|Any CPU
		{B1403306-DB75-4A2D-B886-7673729C397C}.Release|x64.Build.0 = Release|Any CPU
		{B1403306-DB75-4A2D-B886-7673729C397C}.Release|x86.ActiveCfg = Release|Any CPU
		{B1403306-DB75-4A2D-B886-7673729C397C}.Release|x86.Build.0 = Release|Any CPU
		{10EEB29F-E738-44E2-BC57-C9846DF0DDC0}.Debug|Any CPU.ActiveCfg = Debug|Any CPU
		{10EEB29F-E738-44E2-BC57-C9846DF0DDC0}.Debug|Any CPU.Build.0 = Debug|Any CPU
		{10EEB29F-E738-44E2-BC57-C9846DF0DDC0}.Debug|x64.ActiveCfg = Debug|Any CPU
		{10EEB29F-E738-44E2-BC57-C9846DF0DDC0}.Debug|x64.Build.0 = Debug|Any CPU
		{10EEB29F-E738-44E2-BC57-C9846DF0DDC0}.Debug|x86.ActiveCfg = Debug|Any CPU
		{10EEB29F-E738-44E2-BC57-C9846DF0DDC0}.Debug|x86.Build.0 = Debug|Any CPU
		{10EEB29F-E738-44E2-BC57-C9846DF0DDC0}.Release|Any CPU.ActiveCfg = Release|Any CPU
		{10EEB29F-E738-44E2-BC57-C9846DF0DDC0}.Release|Any CPU.Build.0 = Release|Any CPU
		{10EEB29F-E738-44E2-BC57-C9846DF0DDC0}.Release|x64.ActiveCfg = Release|Any CPU
		{10EEB29F-E738-44E2-BC57-C9846DF0DDC0}.Release|x64.Build.0 = Release|Any CPU
		{10EEB29F-E738-44E2-BC57-C9846DF0DDC0}.Release|x86.ActiveCfg = Release|Any CPU
		{10EEB29F-E738-44E2-BC57-C9846DF0DDC0}.Release|x86.Build.0 = Release|Any CPU
		{4CD74E04-A8C4-47F1-B6A9-FB9B38E392A8}.Debug|Any CPU.ActiveCfg = Debug|Any CPU
		{4CD74E04-A8C4-47F1-B6A9-FB9B38E392A8}.Debug|Any CPU.Build.0 = Debug|Any CPU
		{4CD74E04-A8C4-47F1-B6A9-FB9B38E392A8}.Debug|x64.ActiveCfg = Debug|Any CPU
		{4CD74E04-A8C4-47F1-B6A9-FB9B38E392A8}.Debug|x64.Build.0 = Debug|Any CPU
		{4CD74E04-A8C4-47F1-B6A9-FB9B38E392A8}.Debug|x86.ActiveCfg = Debug|Any CPU
		{4CD74E04-A8C4-47F1-B6A9-FB9B38E392A8}.Debug|x86.Build.0 = Debug|Any CPU
		{4CD74E04-A8C4-47F1-B6A9-FB9B38E392A8}.Release|Any CPU.ActiveCfg = Release|Any CPU
		{4CD74E04-A8C4-47F1-B6A9-FB9B38E392A8}.Release|Any CPU.Build.0 = Release|Any CPU
		{4CD74E04-A8C4-47F1-B6A9-FB9B38E392A8}.Release|x64.ActiveCfg = Release|Any CPU
		{4CD74E04-A8C4-47F1-B6A9-FB9B38E392A8}.Release|x64.Build.0 = Release|Any CPU
		{4CD74E04-A8C4-47F1-B6A9-FB9B38E392A8}.Release|x86.ActiveCfg = Release|Any CPU
		{4CD74E04-A8C4-47F1-B6A9-FB9B38E392A8}.Release|x86.Build.0 = Release|Any CPU
	EndGlobalSection
	GlobalSection(SolutionProperties) = preSolution
		HideSolutionNode = FALSE
	EndGlobalSection
	GlobalSection(NestedProjects) = preSolution
		{553F3195-4AC0-4311-85D7-BEB1ECBAF2C8} = {827E0CD3-B72D-47B6-A68D-7590B98EB39B}
		{B1403306-DB75-4A2D-B886-7673729C397C} = {827E0CD3-B72D-47B6-A68D-7590B98EB39B}
		{10EEB29F-E738-44E2-BC57-C9846DF0DDC0} = {827E0CD3-B72D-47B6-A68D-7590B98EB39B}
		{4CD74E04-A8C4-47F1-B6A9-FB9B38E392A8} = {827E0CD3-B72D-47B6-A68D-7590B98EB39B}
	EndGlobalSection
EndGlobal
